# This file is automatically @generated by Cargo.
# It is not intended for manual editing.
[[package]]
name = "argh"
version = "0.1.3"
source = "registry+https://github.com/rust-lang/crates.io-index"
checksum = "ca1877e24cecacd700d469066e0160c4f8497cc5635367163f50c8beec820154"
dependencies = [
 "argh_derive",
 "argh_shared",
]

[[package]]
name = "argh_derive"
version = "0.1.1"
source = "registry+https://github.com/rust-lang/crates.io-index"
checksum = "e742194e0f43fc932bcb801708c2b279d3ec8f527e3acda05a6a9f342c5ef764"
dependencies = [
 "argh_shared",
 "heck",
 "proc-macro2",
 "quote",
 "syn",
]

[[package]]
name = "argh_shared"
version = "0.1.1"
source = "registry+https://github.com/rust-lang/crates.io-index"
checksum = "e1ba68f4276a778591e36a0c348a269888f3a177c8d2054969389e3b59611ff5"

[[package]]
name = "glob"
version = "0.3.0"
source = "registry+https://github.com/rust-lang/crates.io-index"
checksum = "9b919933a397b79c37e33b77bb2aa3dc8eb6e165ad809e58ff75bc7db2e34574"

[[package]]
name = "heck"
version = "0.3.1"
source = "registry+https://github.com/rust-lang/crates.io-index"
checksum = "20564e78d53d2bb135c343b3f47714a56af2061f1c928fdb541dc7b9fdd94205"
dependencies = [
 "unicode-segmentation",
]

[[package]]
name = "pom"
version = "3.1.0"
source = "registry+https://github.com/rust-lang/crates.io-index"
checksum = "ef5cf7f52c12da93c26b63ee0d9f012bc82fb071851c546c030dc6ecb5f2994b"

[[package]]
name = "proc-macro2"
version = "1.0.17"
source = "registry+https://github.com/rust-lang/crates.io-index"
checksum = "1502d12e458c49a4c9cbff560d0fe0060c252bc29799ed94ca2ed4bb665a0101"
dependencies = [
 "unicode-xid",
]

[[package]]
name = "quote"
version = "1.0.6"
source = "registry+https://github.com/rust-lang/crates.io-index"
checksum = "54a21852a652ad6f610c9510194f398ff6f8692e334fd1145fed931f7fbe44ea"
dependencies = [
 "proc-macro2",
]

[[package]]
name = "syn"
version = "1.0.27"
source = "registry+https://github.com/rust-lang/crates.io-index"
checksum = "ef781e621ee763a2a40721a8861ec519cb76966aee03bb5d00adb6a31dc1c1de"
dependencies = [
 "proc-macro2",
 "quote",
 "unicode-xid",
]

[[package]]
name = "unicode-segmentation"
version = "1.6.0"
source = "registry+https://github.com/rust-lang/crates.io-index"
checksum = "e83e153d1053cbb5a118eeff7fd5be06ed99153f00dbcd8ae310c5fb2b22edc0"

[[package]]
name = "unicode-xid"
version = "0.2.0"
source = "registry+https://github.com/rust-lang/crates.io-index"
checksum = "826e7639553986605ec5979c7dd957c7895e93eabed50ab2ffa7f6128a75097c"

[[package]]
name = "watch"
version = "0.0.0"
dependencies = [
 "argh",
 "glob",
 "pom",
]
